// !$*UTF8*$!
{
	archiveVersion = 1;
	classes = {
	};
	objectVersion = 56;
	objects = {

/* Begin PBXBuildFile section */
		1B9192B433E01A2FF2FC70F7 /* Pods_DaliyTimeLineTests.framework in Frameworks */ = {isa = PBXBuildFile; fileRef = 16365F4A697053E5B2D3E6DD /* Pods_DaliyTimeLineTests.framework */; };
		392B57F0F47794566CE0B456 /* Pods_DaliyTimeLine.framework in Frameworks */ = {isa = PBXBuildFile; fileRef = 2507D3D0942A039C4BCE65C8 /* Pods_DaliyTimeLine.framework */; };
		3CB31854909CDB8F1EAA114C /* Pods_DaliyTimeLine_DaliyTimeLineUITests.framework in Frameworks */ = {isa = PBXBuildFile; fileRef = E9199DB4444E80508902159A /* Pods_DaliyTimeLine_DaliyTimeLineUITests.framework */; };
		4128D1EC2B5E711600FA78B3 /* UploadContentViewController.swift in Sources */ = {isa = PBXBuildFile; fileRef = 4128D1EB2B5E711600FA78B3 /* UploadContentViewController.swift */; };
		4128D1EE2B5E755A00FA78B3 /* InputTextView.swift in Sources */ = {isa = PBXBuildFile; fileRef = 4128D1ED2B5E755A00FA78B3 /* InputTextView.swift */; };
		4128D1F02B5E940000FA78B3 /* User.swift in Sources */ = {isa = PBXBuildFile; fileRef = 4128D1EF2B5E940000FA78B3 /* User.swift */; };
		4128D1F32B5E94ED00FA78B3 /* UserService.swift in Sources */ = {isa = PBXBuildFile; fileRef = 4128D1F22B5E94ED00FA78B3 /* UserService.swift */; };
		4128D1F52B5E94FE00FA78B3 /* Constants.swift in Sources */ = {isa = PBXBuildFile; fileRef = 4128D1F42B5E94FE00FA78B3 /* Constants.swift */; };
		4128D1F72B5E953A00FA78B3 /* UploadService.swift in Sources */ = {isa = PBXBuildFile; fileRef = 4128D1F62B5E953A00FA78B3 /* UploadService.swift */; };
		4128D1F92B5E978A00FA78B3 /* AuthService.swift in Sources */ = {isa = PBXBuildFile; fileRef = 4128D1F82B5E978A00FA78B3 /* AuthService.swift */; };
		413D75AE2B70BE85008A67B5 /* FeedCollectionViewCell.swift in Sources */ = {isa = PBXBuildFile; fileRef = 413D75AD2B70BE85008A67B5 /* FeedCollectionViewCell.swift */; };
		413D75B02B710848008A67B5 /* CalendarCell.swift in Sources */ = {isa = PBXBuildFile; fileRef = 413D75AF2B710848008A67B5 /* CalendarCell.swift */; };
		413D75B22B7108E3008A67B5 /* Post.swift in Sources */ = {isa = PBXBuildFile; fileRef = 413D75B12B7108E3008A67B5 /* Post.swift */; };
		413D75B42B7109A6008A67B5 /* MainListViewModel.swift in Sources */ = {isa = PBXBuildFile; fileRef = 413D75B32B7109A6008A67B5 /* MainListViewModel.swift */; };
		413D75B72B710BC5008A67B5 /* PostService.swift in Sources */ = {isa = PBXBuildFile; fileRef = 413D75B62B710BC5008A67B5 /* PostService.swift */; };
		413D75BE2B752F47008A67B5 /* SB 어그로OTF M.otf in Resources */ = {isa = PBXBuildFile; fileRef = 413D75BB2B752F47008A67B5 /* SB 어그로OTF M.otf */; };
		413D75BF2B752F47008A67B5 /* SB 어그로OTF L.otf in Resources */ = {isa = PBXBuildFile; fileRef = 413D75BC2B752F47008A67B5 /* SB 어그로OTF L.otf */; };
		413D75C02B752F47008A67B5 /* SB 어그로OTF B.otf in Resources */ = {isa = PBXBuildFile; fileRef = 413D75BD2B752F47008A67B5 /* SB 어그로OTF B.otf */; };
		413D75C32B763A58008A67B5 /* SettingViewModel.swift in Sources */ = {isa = PBXBuildFile; fileRef = 413D75C22B763A58008A67B5 /* SettingViewModel.swift */; };
		413D75C62B766EB3008A67B5 /* PostDetailViewModel.swift in Sources */ = {isa = PBXBuildFile; fileRef = 413D75C52B766EB3008A67B5 /* PostDetailViewModel.swift */; };
		413D75C82B766EDA008A67B5 /* PostDetailViewController.swift in Sources */ = {isa = PBXBuildFile; fileRef = 413D75C72B766EDA008A67B5 /* PostDetailViewController.swift */; };
		416F1DF12B5A6DF800F8C2C8 /* AppDelegate.swift in Sources */ = {isa = PBXBuildFile; fileRef = 416F1DF02B5A6DF800F8C2C8 /* AppDelegate.swift */; };
		416F1DF32B5A6DF800F8C2C8 /* SceneDelegate.swift in Sources */ = {isa = PBXBuildFile; fileRef = 416F1DF22B5A6DF800F8C2C8 /* SceneDelegate.swift */; };
		416F1DF52B5A6DF800F8C2C8 /* ViewController.swift in Sources */ = {isa = PBXBuildFile; fileRef = 416F1DF42B5A6DF800F8C2C8 /* ViewController.swift */; };
		416F1DFA2B5A6DF900F8C2C8 /* Assets.xcassets in Resources */ = {isa = PBXBuildFile; fileRef = 416F1DF92B5A6DF900F8C2C8 /* Assets.xcassets */; };
		416F1DFD2B5A6DF900F8C2C8 /* LaunchScreen.storyboard in Resources */ = {isa = PBXBuildFile; fileRef = 416F1DFB2B5A6DF900F8C2C8 /* LaunchScreen.storyboard */; };
		416F1E082B5A6DF900F8C2C8 /* DaliyTimeLineTests.swift in Sources */ = {isa = PBXBuildFile; fileRef = 416F1E072B5A6DF900F8C2C8 /* DaliyTimeLineTests.swift */; };
		416F1E122B5A6DF900F8C2C8 /* DaliyTimeLineUITests.swift in Sources */ = {isa = PBXBuildFile; fileRef = 416F1E112B5A6DF900F8C2C8 /* DaliyTimeLineUITests.swift */; };
		416F1E142B5A6DF900F8C2C8 /* DaliyTimeLineUITestsLaunchTests.swift in Sources */ = {isa = PBXBuildFile; fileRef = 416F1E132B5A6DF900F8C2C8 /* DaliyTimeLineUITestsLaunchTests.swift */; };
		416F1E282B5A6EF600F8C2C8 /* MainTabbarController.swift in Sources */ = {isa = PBXBuildFile; fileRef = 416F1E272B5A6EF600F8C2C8 /* MainTabbarController.swift */; };
		416F1E2A2B5A6F5A00F8C2C8 /* MainListViewController.swift in Sources */ = {isa = PBXBuildFile; fileRef = 416F1E292B5A6F5A00F8C2C8 /* MainListViewController.swift */; };
		416F1E2C2B5A6F6100F8C2C8 /* SettingViewController.swift in Sources */ = {isa = PBXBuildFile; fileRef = 416F1E2B2B5A6F6100F8C2C8 /* SettingViewController.swift */; };
		41AB41202B98435B005F42C4 /* LocalAuthentication.framework in Frameworks */ = {isa = PBXBuildFile; fileRef = 41AB411F2B98435B005F42C4 /* LocalAuthentication.framework */; };
		41B4B2C92BB69E5800D2697D /* logoImage.png in Resources */ = {isa = PBXBuildFile; fileRef = 41B4B2C82BB69E5800D2697D /* logoImage.png */; };
		41B538E32B962F2800160F66 /* SecretSettingViewController.swift in Sources */ = {isa = PBXBuildFile; fileRef = 41B538E22B962F2800160F66 /* SecretSettingViewController.swift */; };
		41B538E52B96CC5100160F66 /* LoadingIndicator.swift in Sources */ = {isa = PBXBuildFile; fileRef = 41B538E42B96CC5100160F66 /* LoadingIndicator.swift */; };
		41C4B6CD2B94AEFE00CD8292 /* SettingTableViewCell.swift in Sources */ = {isa = PBXBuildFile; fileRef = 41C4B6CC2B94AEFE00CD8292 /* SettingTableViewCell.swift */; };
		41C4B6CF2B94AF0900CD8292 /* SettingInfoTableViewCell.swift in Sources */ = {isa = PBXBuildFile; fileRef = 41C4B6CE2B94AF0900CD8292 /* SettingInfoTableViewCell.swift */; };
		41C4B6D12B94B10300CD8292 /* SettingAppInfoTableViewCell.swift in Sources */ = {isa = PBXBuildFile; fileRef = 41C4B6D02B94B10300CD8292 /* SettingAppInfoTableViewCell.swift */; };
		41CDCE9C2B5A72EF0019C945 /* SplashViewController.swift in Sources */ = {isa = PBXBuildFile; fileRef = 41CDCE9B2B5A72EF0019C945 /* SplashViewController.swift */; };
		41CDCE9F2B5A78400019C945 /* GoogleService-Info.plist in Resources */ = {isa = PBXBuildFile; fileRef = 41CDCE9E2B5A78400019C945 /* GoogleService-Info.plist */; };
		41CDCEA12B5A78C60019C945 /* LoginViewController.swift in Sources */ = {isa = PBXBuildFile; fileRef = 41CDCEA02B5A78C60019C945 /* LoginViewController.swift */; };
		41CDCEA62B5AB5070019C945 /* LoginViewModel.swift in Sources */ = {isa = PBXBuildFile; fileRef = 41CDCEA52B5AB5070019C945 /* LoginViewModel.swift */; };
		41F04A3E2BA4A96200A034FA /* Date+Extension.swift in Sources */ = {isa = PBXBuildFile; fileRef = 41F04A3D2BA4A96200A034FA /* Date+Extension.swift */; };
		41F04A402BA4ABB900A034FA /* String+Extension.swift in Sources */ = {isa = PBXBuildFile; fileRef = 41F04A3F2BA4ABB900A034FA /* String+Extension.swift */; };
		41F04A442BA4AD0700A034FA /* UploadViewModel.swift in Sources */ = {isa = PBXBuildFile; fileRef = 41F04A432BA4AD0700A034FA /* UploadViewModel.swift */; };
/* End PBXBuildFile section */

/* Begin PBXContainerItemProxy section */
		416F1E042B5A6DF900F8C2C8 /* PBXContainerItemProxy */ = {
			isa = PBXContainerItemProxy;
			containerPortal = 416F1DE52B5A6DF800F8C2C8 /* Project object */;
			proxyType = 1;
			remoteGlobalIDString = 416F1DEC2B5A6DF800F8C2C8;
			remoteInfo = DaliyTimeLine;
		};
		416F1E0E2B5A6DF900F8C2C8 /* PBXContainerItemProxy */ = {
			isa = PBXContainerItemProxy;
			containerPortal = 416F1DE52B5A6DF800F8C2C8 /* Project object */;
			proxyType = 1;
			remoteGlobalIDString = 416F1DEC2B5A6DF800F8C2C8;
			remoteInfo = DaliyTimeLine;
		};
/* End PBXContainerItemProxy section */

/* Begin PBXFileReference section */
		0458FB11E9FB0B2E59F26381 /* Pods-DaliyTimeLine.release.xcconfig */ = {isa = PBXFileReference; includeInIndex = 1; lastKnownFileType = text.xcconfig; name = "Pods-DaliyTimeLine.release.xcconfig"; path = "Target Support Files/Pods-DaliyTimeLine/Pods-DaliyTimeLine.release.xcconfig"; sourceTree = "<group>"; };
		1167119E602F2A703E32AD28 /* Pods-DaliyTimeLineTests.debug.xcconfig */ = {isa = PBXFileReference; includeInIndex = 1; lastKnownFileType = text.xcconfig; name = "Pods-DaliyTimeLineTests.debug.xcconfig"; path = "Target Support Files/Pods-DaliyTimeLineTests/Pods-DaliyTimeLineTests.debug.xcconfig"; sourceTree = "<group>"; };
		16365F4A697053E5B2D3E6DD /* Pods_DaliyTimeLineTests.framework */ = {isa = PBXFileReference; explicitFileType = wrapper.framework; includeInIndex = 0; path = Pods_DaliyTimeLineTests.framework; sourceTree = BUILT_PRODUCTS_DIR; };
		2507D3D0942A039C4BCE65C8 /* Pods_DaliyTimeLine.framework */ = {isa = PBXFileReference; explicitFileType = wrapper.framework; includeInIndex = 0; path = Pods_DaliyTimeLine.framework; sourceTree = BUILT_PRODUCTS_DIR; };
		4128D1EB2B5E711600FA78B3 /* UploadContentViewController.swift */ = {isa = PBXFileReference; lastKnownFileType = sourcecode.swift; path = UploadContentViewController.swift; sourceTree = "<group>"; };
		4128D1ED2B5E755A00FA78B3 /* InputTextView.swift */ = {isa = PBXFileReference; lastKnownFileType = sourcecode.swift; path = InputTextView.swift; sourceTree = "<group>"; };
		4128D1EF2B5E940000FA78B3 /* User.swift */ = {isa = PBXFileReference; lastKnownFileType = sourcecode.swift; path = User.swift; sourceTree = "<group>"; };
		4128D1F22B5E94ED00FA78B3 /* UserService.swift */ = {isa = PBXFileReference; lastKnownFileType = sourcecode.swift; path = UserService.swift; sourceTree = "<group>"; };
		4128D1F42B5E94FE00FA78B3 /* Constants.swift */ = {isa = PBXFileReference; lastKnownFileType = sourcecode.swift; path = Constants.swift; sourceTree = "<group>"; };
		4128D1F62B5E953A00FA78B3 /* UploadService.swift */ = {isa = PBXFileReference; lastKnownFileType = sourcecode.swift; path = UploadService.swift; sourceTree = "<group>"; };
		4128D1F82B5E978A00FA78B3 /* AuthService.swift */ = {isa = PBXFileReference; lastKnownFileType = sourcecode.swift; path = AuthService.swift; sourceTree = "<group>"; };
		413D75AD2B70BE85008A67B5 /* FeedCollectionViewCell.swift */ = {isa = PBXFileReference; lastKnownFileType = sourcecode.swift; path = FeedCollectionViewCell.swift; sourceTree = "<group>"; };
		413D75AF2B710848008A67B5 /* CalendarCell.swift */ = {isa = PBXFileReference; lastKnownFileType = sourcecode.swift; path = CalendarCell.swift; sourceTree = "<group>"; };
		413D75B12B7108E3008A67B5 /* Post.swift */ = {isa = PBXFileReference; lastKnownFileType = sourcecode.swift; path = Post.swift; sourceTree = "<group>"; };
		413D75B32B7109A6008A67B5 /* MainListViewModel.swift */ = {isa = PBXFileReference; lastKnownFileType = sourcecode.swift; path = MainListViewModel.swift; sourceTree = "<group>"; };
		413D75B62B710BC5008A67B5 /* PostService.swift */ = {isa = PBXFileReference; lastKnownFileType = sourcecode.swift; path = PostService.swift; sourceTree = "<group>"; };
		413D75BB2B752F47008A67B5 /* SB 어그로OTF M.otf */ = {isa = PBXFileReference; lastKnownFileType = file; path = "SB 어그로OTF M.otf"; sourceTree = "<group>"; };
		413D75BC2B752F47008A67B5 /* SB 어그로OTF L.otf */ = {isa = PBXFileReference; lastKnownFileType = file; path = "SB 어그로OTF L.otf"; sourceTree = "<group>"; };
		413D75BD2B752F47008A67B5 /* SB 어그로OTF B.otf */ = {isa = PBXFileReference; lastKnownFileType = file; path = "SB 어그로OTF B.otf"; sourceTree = "<group>"; };
		413D75C22B763A58008A67B5 /* SettingViewModel.swift */ = {isa = PBXFileReference; lastKnownFileType = sourcecode.swift; path = SettingViewModel.swift; sourceTree = "<group>"; };
		413D75C52B766EB3008A67B5 /* PostDetailViewModel.swift */ = {isa = PBXFileReference; lastKnownFileType = sourcecode.swift; path = PostDetailViewModel.swift; sourceTree = "<group>"; };
		413D75C72B766EDA008A67B5 /* PostDetailViewController.swift */ = {isa = PBXFileReference; lastKnownFileType = sourcecode.swift; path = PostDetailViewController.swift; sourceTree = "<group>"; };
		416F1DED2B5A6DF800F8C2C8 /* DaliyTimeLine.app */ = {isa = PBXFileReference; explicitFileType = wrapper.application; includeInIndex = 0; path = DaliyTimeLine.app; sourceTree = BUILT_PRODUCTS_DIR; };
		416F1DF02B5A6DF800F8C2C8 /* AppDelegate.swift */ = {isa = PBXFileReference; lastKnownFileType = sourcecode.swift; path = AppDelegate.swift; sourceTree = "<group>"; };
		416F1DF22B5A6DF800F8C2C8 /* SceneDelegate.swift */ = {isa = PBXFileReference; lastKnownFileType = sourcecode.swift; path = SceneDelegate.swift; sourceTree = "<group>"; };
		416F1DF42B5A6DF800F8C2C8 /* ViewController.swift */ = {isa = PBXFileReference; lastKnownFileType = sourcecode.swift; path = ViewController.swift; sourceTree = "<group>"; };
		416F1DF92B5A6DF900F8C2C8 /* Assets.xcassets */ = {isa = PBXFileReference; lastKnownFileType = folder.assetcatalog; path = Assets.xcassets; sourceTree = "<group>"; };
		416F1DFC2B5A6DF900F8C2C8 /* Base */ = {isa = PBXFileReference; lastKnownFileType = file.storyboard; name = Base; path = Base.lproj/LaunchScreen.storyboard; sourceTree = "<group>"; };
		416F1DFE2B5A6DF900F8C2C8 /* Info.plist */ = {isa = PBXFileReference; lastKnownFileType = text.plist.xml; path = Info.plist; sourceTree = "<group>"; };
		416F1E032B5A6DF900F8C2C8 /* DaliyTimeLineTests.xctest */ = {isa = PBXFileReference; explicitFileType = wrapper.cfbundle; includeInIndex = 0; path = DaliyTimeLineTests.xctest; sourceTree = BUILT_PRODUCTS_DIR; };
		416F1E072B5A6DF900F8C2C8 /* DaliyTimeLineTests.swift */ = {isa = PBXFileReference; lastKnownFileType = sourcecode.swift; path = DaliyTimeLineTests.swift; sourceTree = "<group>"; };
		416F1E0D2B5A6DF900F8C2C8 /* DaliyTimeLineUITests.xctest */ = {isa = PBXFileReference; explicitFileType = wrapper.cfbundle; includeInIndex = 0; path = DaliyTimeLineUITests.xctest; sourceTree = BUILT_PRODUCTS_DIR; };
		416F1E112B5A6DF900F8C2C8 /* DaliyTimeLineUITests.swift */ = {isa = PBXFileReference; lastKnownFileType = sourcecode.swift; path = DaliyTimeLineUITests.swift; sourceTree = "<group>"; };
		416F1E132B5A6DF900F8C2C8 /* DaliyTimeLineUITestsLaunchTests.swift */ = {isa = PBXFileReference; lastKnownFileType = sourcecode.swift; path = DaliyTimeLineUITestsLaunchTests.swift; sourceTree = "<group>"; };
		416F1E272B5A6EF600F8C2C8 /* MainTabbarController.swift */ = {isa = PBXFileReference; fileEncoding = 4; lastKnownFileType = sourcecode.swift; path = MainTabbarController.swift; sourceTree = "<group>"; };
		416F1E292B5A6F5A00F8C2C8 /* MainListViewController.swift */ = {isa = PBXFileReference; lastKnownFileType = sourcecode.swift; path = MainListViewController.swift; sourceTree = "<group>"; };
		416F1E2B2B5A6F6100F8C2C8 /* SettingViewController.swift */ = {isa = PBXFileReference; lastKnownFileType = sourcecode.swift; path = SettingViewController.swift; sourceTree = "<group>"; };
		41AB411F2B98435B005F42C4 /* LocalAuthentication.framework */ = {isa = PBXFileReference; lastKnownFileType = wrapper.framework; name = LocalAuthentication.framework; path = System/Library/Frameworks/LocalAuthentication.framework; sourceTree = SDKROOT; };
		41B4B2C82BB69E5800D2697D /* logoImage.png */ = {isa = PBXFileReference; lastKnownFileType = image.png; path = logoImage.png; sourceTree = "<group>"; };
		41B538E22B962F2800160F66 /* SecretSettingViewController.swift */ = {isa = PBXFileReference; lastKnownFileType = sourcecode.swift; path = SecretSettingViewController.swift; sourceTree = "<group>"; };
		41B538E42B96CC5100160F66 /* LoadingIndicator.swift */ = {isa = PBXFileReference; lastKnownFileType = sourcecode.swift; path = LoadingIndicator.swift; sourceTree = "<group>"; };
		41C4B6CC2B94AEFE00CD8292 /* SettingTableViewCell.swift */ = {isa = PBXFileReference; lastKnownFileType = sourcecode.swift; path = SettingTableViewCell.swift; sourceTree = "<group>"; };
		41C4B6CE2B94AF0900CD8292 /* SettingInfoTableViewCell.swift */ = {isa = PBXFileReference; lastKnownFileType = sourcecode.swift; path = SettingInfoTableViewCell.swift; sourceTree = "<group>"; };
		41C4B6D02B94B10300CD8292 /* SettingAppInfoTableViewCell.swift */ = {isa = PBXFileReference; lastKnownFileType = sourcecode.swift; path = SettingAppInfoTableViewCell.swift; sourceTree = "<group>"; };
		41CDCE9B2B5A72EF0019C945 /* SplashViewController.swift */ = {isa = PBXFileReference; lastKnownFileType = sourcecode.swift; path = SplashViewController.swift; sourceTree = "<group>"; };
		41CDCE9E2B5A78400019C945 /* GoogleService-Info.plist */ = {isa = PBXFileReference; fileEncoding = 4; lastKnownFileType = text.plist.xml; path = "GoogleService-Info.plist"; sourceTree = "<group>"; };
		41CDCEA02B5A78C60019C945 /* LoginViewController.swift */ = {isa = PBXFileReference; lastKnownFileType = sourcecode.swift; path = LoginViewController.swift; sourceTree = "<group>"; };
		41CDCEA22B5A84FC0019C945 /* DaliyTimeLine.entitlements */ = {isa = PBXFileReference; lastKnownFileType = text.plist.entitlements; path = DaliyTimeLine.entitlements; sourceTree = "<group>"; };
		41CDCEA52B5AB5070019C945 /* LoginViewModel.swift */ = {isa = PBXFileReference; lastKnownFileType = sourcecode.swift; path = LoginViewModel.swift; sourceTree = "<group>"; };
		41CDCEA82B5ABDF40019C945 /* ko */ = {isa = PBXFileReference; lastKnownFileType = text.plist.strings; name = ko; path = ko.lproj/LaunchScreen.strings; sourceTree = "<group>"; };
		41F04A3D2BA4A96200A034FA /* Date+Extension.swift */ = {isa = PBXFileReference; lastKnownFileType = sourcecode.swift; path = "Date+Extension.swift"; sourceTree = "<group>"; };
		41F04A3F2BA4ABB900A034FA /* String+Extension.swift */ = {isa = PBXFileReference; lastKnownFileType = sourcecode.swift; path = "String+Extension.swift"; sourceTree = "<group>"; };
		41F04A432BA4AD0700A034FA /* UploadViewModel.swift */ = {isa = PBXFileReference; lastKnownFileType = sourcecode.swift; path = UploadViewModel.swift; sourceTree = "<group>"; };
		458A8EC6D350A17E170B0247 /* Pods-DaliyTimeLine.debug.xcconfig */ = {isa = PBXFileReference; includeInIndex = 1; lastKnownFileType = text.xcconfig; name = "Pods-DaliyTimeLine.debug.xcconfig"; path = "Target Support Files/Pods-DaliyTimeLine/Pods-DaliyTimeLine.debug.xcconfig"; sourceTree = "<group>"; };
		A80FC5DBA4111D73A5541337 /* Pods-DaliyTimeLineTests.release.xcconfig */ = {isa = PBXFileReference; includeInIndex = 1; lastKnownFileType = text.xcconfig; name = "Pods-DaliyTimeLineTests.release.xcconfig"; path = "Target Support Files/Pods-DaliyTimeLineTests/Pods-DaliyTimeLineTests.release.xcconfig"; sourceTree = "<group>"; };
		BBA66C544E29A5A4F032D339 /* Pods-DaliyTimeLine-DaliyTimeLineUITests.debug.xcconfig */ = {isa = PBXFileReference; includeInIndex = 1; lastKnownFileType = text.xcconfig; name = "Pods-DaliyTimeLine-DaliyTimeLineUITests.debug.xcconfig"; path = "Target Support Files/Pods-DaliyTimeLine-DaliyTimeLineUITests/Pods-DaliyTimeLine-DaliyTimeLineUITests.debug.xcconfig"; sourceTree = "<group>"; };
		E850B866D0CA48F705E34CD1 /* Pods-DaliyTimeLine-DaliyTimeLineUITests.release.xcconfig */ = {isa = PBXFileReference; includeInIndex = 1; lastKnownFileType = text.xcconfig; name = "Pods-DaliyTimeLine-DaliyTimeLineUITests.release.xcconfig"; path = "Target Support Files/Pods-DaliyTimeLine-DaliyTimeLineUITests/Pods-DaliyTimeLine-DaliyTimeLineUITests.release.xcconfig"; sourceTree = "<group>"; };
		E9199DB4444E80508902159A /* Pods_DaliyTimeLine_DaliyTimeLineUITests.framework */ = {isa = PBXFileReference; explicitFileType = wrapper.framework; includeInIndex = 0; path = Pods_DaliyTimeLine_DaliyTimeLineUITests.framework; sourceTree = BUILT_PRODUCTS_DIR; };
/* End PBXFileReference section */

/* Begin PBXFrameworksBuildPhase section */
		416F1DEA2B5A6DF800F8C2C8 /* Frameworks */ = {
			isa = PBXFrameworksBuildPhase;
			buildActionMask = 2147483647;
			files = (
				41AB41202B98435B005F42C4 /* LocalAuthentication.framework in Frameworks */,
				392B57F0F47794566CE0B456 /* Pods_DaliyTimeLine.framework in Frameworks */,
			);
			runOnlyForDeploymentPostprocessing = 0;
		};
		416F1E002B5A6DF900F8C2C8 /* Frameworks */ = {
			isa = PBXFrameworksBuildPhase;
			buildActionMask = 2147483647;
			files = (
				1B9192B433E01A2FF2FC70F7 /* Pods_DaliyTimeLineTests.framework in Frameworks */,
			);
			runOnlyForDeploymentPostprocessing = 0;
		};
		416F1E0A2B5A6DF900F8C2C8 /* Frameworks */ = {
			isa = PBXFrameworksBuildPhase;
			buildActionMask = 2147483647;
			files = (
				3CB31854909CDB8F1EAA114C /* Pods_DaliyTimeLine_DaliyTimeLineUITests.framework in Frameworks */,
			);
			runOnlyForDeploymentPostprocessing = 0;
		};
/* End PBXFrameworksBuildPhase section */

/* Begin PBXGroup section */
		29C2526175833F518CB5752F /* Frameworks */ = {
			isa = PBXGroup;
			children = (
				41AB411F2B98435B005F42C4 /* LocalAuthentication.framework */,
				2507D3D0942A039C4BCE65C8 /* Pods_DaliyTimeLine.framework */,
				E9199DB4444E80508902159A /* Pods_DaliyTimeLine_DaliyTimeLineUITests.framework */,
				16365F4A697053E5B2D3E6DD /* Pods_DaliyTimeLineTests.framework */,
			);
			name = Frameworks;
			sourceTree = "<group>";
		};
		413D75B52B710B95008A67B5 /* Service */ = {
			isa = PBXGroup;
			children = (
				4128D1F42B5E94FE00FA78B3 /* Constants.swift */,
				4128D1F22B5E94ED00FA78B3 /* UserService.swift */,
				4128D1F62B5E953A00FA78B3 /* UploadService.swift */,
				4128D1F82B5E978A00FA78B3 /* AuthService.swift */,
				413D75B62B710BC5008A67B5 /* PostService.swift */,
			);
			path = Service;
			sourceTree = "<group>";
		};
		413D75B92B752F47008A67B5 /* Resource */ = {
			isa = PBXGroup;
			children = (
				41B4B2C72BB69E4C00D2697D /* Image */,
				413D75BA2B752F47008A67B5 /* SB_Mac_Font */,
			);
			path = Resource;
			sourceTree = "<group>";
		};
		413D75BA2B752F47008A67B5 /* SB_Mac_Font */ = {
			isa = PBXGroup;
			children = (
				413D75BB2B752F47008A67B5 /* SB 어그로OTF M.otf */,
				413D75BC2B752F47008A67B5 /* SB 어그로OTF L.otf */,
				413D75BD2B752F47008A67B5 /* SB 어그로OTF B.otf */,
			);
			path = SB_Mac_Font;
			sourceTree = "<group>";
		};
		416F1DE42B5A6DF800F8C2C8 = {
			isa = PBXGroup;
			children = (
				416F1DEF2B5A6DF800F8C2C8 /* DaliyTimeLine */,
				416F1E062B5A6DF900F8C2C8 /* DaliyTimeLineTests */,
				416F1E102B5A6DF900F8C2C8 /* DaliyTimeLineUITests */,
				416F1DEE2B5A6DF800F8C2C8 /* Products */,
				54606CCD4B4BD91CF670B476 /* Pods */,
				29C2526175833F518CB5752F /* Frameworks */,
			);
			sourceTree = "<group>";
		};
		416F1DEE2B5A6DF800F8C2C8 /* Products */ = {
			isa = PBXGroup;
			children = (
				416F1DED2B5A6DF800F8C2C8 /* DaliyTimeLine.app */,
				416F1E032B5A6DF900F8C2C8 /* DaliyTimeLineTests.xctest */,
				416F1E0D2B5A6DF900F8C2C8 /* DaliyTimeLineUITests.xctest */,
			);
			name = Products;
			sourceTree = "<group>";
		};
		416F1DEF2B5A6DF800F8C2C8 /* DaliyTimeLine */ = {
			isa = PBXGroup;
			children = (
				419FCC102BC95FF6009E8463 /* MainTab */,
				419FCC0F2BC95FF1009E8463 /* Upload */,
				419FCC0E2BC95FE1009E8463 /* Login */,
				419FCC0D2BC95FD4009E8463 /* Splash */,
				419FCC0C2BC95FCA009E8463 /* Detail */,
				419FCC0B2BC95FC1009E8463 /* Main */,
				419FCC0A2BC95FAC009E8463 /* Setting */,
				419FCC092BC95F83009E8463 /* Common */,
				419FCC082BC95F74009E8463 /* CustomView */,
				413D75B52B710B95008A67B5 /* Service */,
				416F1E222B5A6E3400F8C2C8 /* Model */,
				41F04A3C2BA4A95600A034FA /* Extension */,
				416F1E232B5A6E3D00F8C2C8 /* App */,
				413D75B92B752F47008A67B5 /* Resource */,
				41CDCE9D2B5A78400019C945 /* Plist */,
				416F1DFB2B5A6DF900F8C2C8 /* LaunchScreen.storyboard */,
				416F1DF42B5A6DF800F8C2C8 /* ViewController.swift */,
				416F1DF92B5A6DF900F8C2C8 /* Assets.xcassets */,
				416F1DFE2B5A6DF900F8C2C8 /* Info.plist */,
				41CDCEA22B5A84FC0019C945 /* DaliyTimeLine.entitlements */,
			);
			path = DaliyTimeLine;
			sourceTree = "<group>";
		};
		416F1E062B5A6DF900F8C2C8 /* DaliyTimeLineTests */ = {
			isa = PBXGroup;
			children = (
				416F1E072B5A6DF900F8C2C8 /* DaliyTimeLineTests.swift */,
			);
			path = DaliyTimeLineTests;
			sourceTree = "<group>";
		};
		416F1E102B5A6DF900F8C2C8 /* DaliyTimeLineUITests */ = {
			isa = PBXGroup;
			children = (
				416F1E112B5A6DF900F8C2C8 /* DaliyTimeLineUITests.swift */,
				416F1E132B5A6DF900F8C2C8 /* DaliyTimeLineUITestsLaunchTests.swift */,
			);
			path = DaliyTimeLineUITests;
			sourceTree = "<group>";
		};
		416F1E222B5A6E3400F8C2C8 /* Model */ = {
			isa = PBXGroup;
			children = (
				4128D1EF2B5E940000FA78B3 /* User.swift */,
				413D75B12B7108E3008A67B5 /* Post.swift */,
			);
			path = Model;
			sourceTree = "<group>";
		};
		416F1E232B5A6E3D00F8C2C8 /* App */ = {
			isa = PBXGroup;
			children = (
				416F1DF02B5A6DF800F8C2C8 /* AppDelegate.swift */,
				416F1DF22B5A6DF800F8C2C8 /* SceneDelegate.swift */,
			);
			path = App;
			sourceTree = "<group>";
		};
		419FCC082BC95F74009E8463 /* CustomView */ = {
			isa = PBXGroup;
			children = (
				4128D1ED2B5E755A00FA78B3 /* InputTextView.swift */,
			);
			path = CustomView;
			sourceTree = "<group>";
		};
		419FCC092BC95F83009E8463 /* Common */ = {
			isa = PBXGroup;
			children = (
				41B538E42B96CC5100160F66 /* LoadingIndicator.swift */,
			);
			path = Common;
			sourceTree = "<group>";
		};
		419FCC0A2BC95FAC009E8463 /* Setting */ = {
			isa = PBXGroup;
			children = (
				419FCC122BC965D0009E8463 /* Cell */,
				413D75C22B763A58008A67B5 /* SettingViewModel.swift */,
				416F1E2B2B5A6F6100F8C2C8 /* SettingViewController.swift */,
				41B538E22B962F2800160F66 /* SecretSettingViewController.swift */,
			);
			path = Setting;
			sourceTree = "<group>";
		};
		419FCC0B2BC95FC1009E8463 /* Main */ = {
			isa = PBXGroup;
			children = (
				416F1E292B5A6F5A00F8C2C8 /* MainListViewController.swift */,
				413D75B32B7109A6008A67B5 /* MainListViewModel.swift */,
				419FCC112BC964DC009E8463 /* Cell */,
			);
			path = Main;
			sourceTree = "<group>";
		};
		419FCC0C2BC95FCA009E8463 /* Detail */ = {
			isa = PBXGroup;
			children = (
				413D75C52B766EB3008A67B5 /* PostDetailViewModel.swift */,
				413D75C72B766EDA008A67B5 /* PostDetailViewController.swift */,
			);
			path = Detail;
			sourceTree = "<group>";
		};
		419FCC0D2BC95FD4009E8463 /* Splash */ = {
			isa = PBXGroup;
			children = (
				41CDCE9B2B5A72EF0019C945 /* SplashViewController.swift */,
			);
			path = Splash;
			sourceTree = "<group>";
		};
		419FCC0E2BC95FE1009E8463 /* Login */ = {
			isa = PBXGroup;
			children = (
				41CDCEA02B5A78C60019C945 /* LoginViewController.swift */,
				41CDCEA52B5AB5070019C945 /* LoginViewModel.swift */,
			);
			path = Login;
			sourceTree = "<group>";
		};
		419FCC0F2BC95FF1009E8463 /* Upload */ = {
			isa = PBXGroup;
			children = (
				41F04A432BA4AD0700A034FA /* UploadViewModel.swift */,
				4128D1EB2B5E711600FA78B3 /* UploadContentViewController.swift */,
			);
			path = Upload;
			sourceTree = "<group>";
		};
		419FCC102BC95FF6009E8463 /* MainTab */ = {
			isa = PBXGroup;
			children = (
				416F1E272B5A6EF600F8C2C8 /* MainTabbarController.swift */,
			);
			path = MainTab;
			sourceTree = "<group>";
		};
		419FCC112BC964DC009E8463 /* Cell */ = {
			isa = PBXGroup;
			children = (
				413D75AD2B70BE85008A67B5 /* FeedCollectionViewCell.swift */,
				413D75AF2B710848008A67B5 /* CalendarCell.swift */,
			);
			path = Cell;
			sourceTree = "<group>";
		};
		419FCC122BC965D0009E8463 /* Cell */ = {
			isa = PBXGroup;
			children = (
				41C4B6CC2B94AEFE00CD8292 /* SettingTableViewCell.swift */,
				41C4B6CE2B94AF0900CD8292 /* SettingInfoTableViewCell.swift */,
				41C4B6D02B94B10300CD8292 /* SettingAppInfoTableViewCell.swift */,
			);
			path = Cell;
			sourceTree = "<group>";
		};
		41B4B2C72BB69E4C00D2697D /* Image */ = {
			isa = PBXGroup;
			children = (
				41B4B2C82BB69E5800D2697D /* logoImage.png */,
			);
			path = Image;
			sourceTree = "<group>";
		};
		41CDCE9D2B5A78400019C945 /* Plist */ = {
			isa = PBXGroup;
			children = (
				41CDCE9E2B5A78400019C945 /* GoogleService-Info.plist */,
			);
			path = Plist;
			sourceTree = "<group>";
		};
		41F04A3C2BA4A95600A034FA /* Extension */ = {
			isa = PBXGroup;
			children = (
				41F04A3D2BA4A96200A034FA /* Date+Extension.swift */,
				41F04A3F2BA4ABB900A034FA /* String+Extension.swift */,
			);
			path = Extension;
			sourceTree = "<group>";
		};
		54606CCD4B4BD91CF670B476 /* Pods */ = {
			isa = PBXGroup;
			children = (
				458A8EC6D350A17E170B0247 /* Pods-DaliyTimeLine.debug.xcconfig */,
				0458FB11E9FB0B2E59F26381 /* Pods-DaliyTimeLine.release.xcconfig */,
				BBA66C544E29A5A4F032D339 /* Pods-DaliyTimeLine-DaliyTimeLineUITests.debug.xcconfig */,
				E850B866D0CA48F705E34CD1 /* Pods-DaliyTimeLine-DaliyTimeLineUITests.release.xcconfig */,
				1167119E602F2A703E32AD28 /* Pods-DaliyTimeLineTests.debug.xcconfig */,
				A80FC5DBA4111D73A5541337 /* Pods-DaliyTimeLineTests.release.xcconfig */,
			);
			path = Pods;
			sourceTree = "<group>";
		};
/* End PBXGroup section */

/* Begin PBXNativeTarget section */
		416F1DEC2B5A6DF800F8C2C8 /* DaliyTimeLine */ = {
			isa = PBXNativeTarget;
			buildConfigurationList = 416F1E172B5A6DF900F8C2C8 /* Build configuration list for PBXNativeTarget "DaliyTimeLine" */;
			buildPhases = (
				48BC4ABDB01E6086D117E949 /* [CP] Check Pods Manifest.lock */,
				416F1DE92B5A6DF800F8C2C8 /* Sources */,
				416F1DEA2B5A6DF800F8C2C8 /* Frameworks */,
				416F1DEB2B5A6DF800F8C2C8 /* Resources */,
				53305C7E531C26BE8C189D5A /* [CP] Embed Pods Frameworks */,
			);
			buildRules = (
			);
			dependencies = (
			);
			name = DaliyTimeLine;
			productName = DaliyTimeLine;
			productReference = 416F1DED2B5A6DF800F8C2C8 /* DaliyTimeLine.app */;
			productType = "com.apple.product-type.application";
		};
		416F1E022B5A6DF900F8C2C8 /* DaliyTimeLineTests */ = {
			isa = PBXNativeTarget;
			buildConfigurationList = 416F1E1A2B5A6DF900F8C2C8 /* Build configuration list for PBXNativeTarget "DaliyTimeLineTests" */;
			buildPhases = (
				94593B78B44A29A3DF81273B /* [CP] Check Pods Manifest.lock */,
				416F1DFF2B5A6DF900F8C2C8 /* Sources */,
				416F1E002B5A6DF900F8C2C8 /* Frameworks */,
				416F1E012B5A6DF900F8C2C8 /* Resources */,
			);
			buildRules = (
			);
			dependencies = (
				416F1E052B5A6DF900F8C2C8 /* PBXTargetDependency */,
			);
			name = DaliyTimeLineTests;
			productName = DaliyTimeLineTests;
			productReference = 416F1E032B5A6DF900F8C2C8 /* DaliyTimeLineTests.xctest */;
			productType = "com.apple.product-type.bundle.unit-test";
		};
		416F1E0C2B5A6DF900F8C2C8 /* DaliyTimeLineUITests */ = {
			isa = PBXNativeTarget;
			buildConfigurationList = 416F1E1D2B5A6DF900F8C2C8 /* Build configuration list for PBXNativeTarget "DaliyTimeLineUITests" */;
			buildPhases = (
				AD5369A5CD51EB6ADBEB9890 /* [CP] Check Pods Manifest.lock */,
				416F1E092B5A6DF900F8C2C8 /* Sources */,
				416F1E0A2B5A6DF900F8C2C8 /* Frameworks */,
				416F1E0B2B5A6DF900F8C2C8 /* Resources */,
				47EEE5B484440C7FC99C3488 /* [CP] Embed Pods Frameworks */,
			);
			buildRules = (
			);
			dependencies = (
				416F1E0F2B5A6DF900F8C2C8 /* PBXTargetDependency */,
			);
			name = DaliyTimeLineUITests;
			productName = DaliyTimeLineUITests;
			productReference = 416F1E0D2B5A6DF900F8C2C8 /* DaliyTimeLineUITests.xctest */;
			productType = "com.apple.product-type.bundle.ui-testing";
		};
/* End PBXNativeTarget section */

/* Begin PBXProject section */
		416F1DE52B5A6DF800F8C2C8 /* Project object */ = {
			isa = PBXProject;
			attributes = {
				BuildIndependentTargetsInParallel = 1;
				LastSwiftUpdateCheck = 1510;
				LastUpgradeCheck = 1510;
				TargetAttributes = {
					416F1DEC2B5A6DF800F8C2C8 = {
						CreatedOnToolsVersion = 15.1;
					};
					416F1E022B5A6DF900F8C2C8 = {
						CreatedOnToolsVersion = 15.1;
						TestTargetID = 416F1DEC2B5A6DF800F8C2C8;
					};
					416F1E0C2B5A6DF900F8C2C8 = {
						CreatedOnToolsVersion = 15.1;
						TestTargetID = 416F1DEC2B5A6DF800F8C2C8;
					};
				};
			};
			buildConfigurationList = 416F1DE82B5A6DF800F8C2C8 /* Build configuration list for PBXProject "DaliyTimeLine" */;
			compatibilityVersion = "Xcode 14.0";
			developmentRegion = ko;
			hasScannedForEncodings = 0;
			knownRegions = (
				en,
				Base,
				ko,
			);
			mainGroup = 416F1DE42B5A6DF800F8C2C8;
			productRefGroup = 416F1DEE2B5A6DF800F8C2C8 /* Products */;
			projectDirPath = "";
			projectRoot = "";
			targets = (
				416F1DEC2B5A6DF800F8C2C8 /* DaliyTimeLine */,
				416F1E022B5A6DF900F8C2C8 /* DaliyTimeLineTests */,
				416F1E0C2B5A6DF900F8C2C8 /* DaliyTimeLineUITests */,
			);
		};
/* End PBXProject section */

/* Begin PBXResourcesBuildPhase section */
		416F1DEB2B5A6DF800F8C2C8 /* Resources */ = {
			isa = PBXResourcesBuildPhase;
			buildActionMask = 2147483647;
			files = (
				413D75C02B752F47008A67B5 /* SB 어그로OTF B.otf in Resources */,
				416F1DFD2B5A6DF900F8C2C8 /* LaunchScreen.storyboard in Resources */,
				41CDCE9F2B5A78400019C945 /* GoogleService-Info.plist in Resources */,
				413D75BE2B752F47008A67B5 /* SB 어그로OTF M.otf in Resources */,
				41B4B2C92BB69E5800D2697D /* logoImage.png in Resources */,
				416F1DFA2B5A6DF900F8C2C8 /* Assets.xcassets in Resources */,
				413D75BF2B752F47008A67B5 /* SB 어그로OTF L.otf in Resources */,
			);
			runOnlyForDeploymentPostprocessing = 0;
		};
		416F1E012B5A6DF900F8C2C8 /* Resources */ = {
			isa = PBXResourcesBuildPhase;
			buildActionMask = 2147483647;
			files = (
			);
			runOnlyForDeploymentPostprocessing = 0;
		};
		416F1E0B2B5A6DF900F8C2C8 /* Resources */ = {
			isa = PBXResourcesBuildPhase;
			buildActionMask = 2147483647;
			files = (
			);
			runOnlyForDeploymentPostprocessing = 0;
		};
/* End PBXResourcesBuildPhase section */

/* Begin PBXShellScriptBuildPhase section */
		47EEE5B484440C7FC99C3488 /* [CP] Embed Pods Frameworks */ = {
			isa = PBXShellScriptBuildPhase;
			buildActionMask = 2147483647;
			files = (
			);
			inputFileListPaths = (
				"${PODS_ROOT}/Target Support Files/Pods-DaliyTimeLine-DaliyTimeLineUITests/Pods-DaliyTimeLine-DaliyTimeLineUITests-frameworks-${CONFIGURATION}-input-files.xcfilelist",
			);
			name = "[CP] Embed Pods Frameworks";
			outputFileListPaths = (
				"${PODS_ROOT}/Target Support Files/Pods-DaliyTimeLine-DaliyTimeLineUITests/Pods-DaliyTimeLine-DaliyTimeLineUITests-frameworks-${CONFIGURATION}-output-files.xcfilelist",
			);
			runOnlyForDeploymentPostprocessing = 0;
			shellPath = /bin/sh;
			shellScript = "\"${PODS_ROOT}/Target Support Files/Pods-DaliyTimeLine-DaliyTimeLineUITests/Pods-DaliyTimeLine-DaliyTimeLineUITests-frameworks.sh\"\n";
			showEnvVarsInLog = 0;
		};
		48BC4ABDB01E6086D117E949 /* [CP] Check Pods Manifest.lock */ = {
			isa = PBXShellScriptBuildPhase;
			buildActionMask = 2147483647;
			files = (
			);
			inputFileListPaths = (
			);
			inputPaths = (
				"${PODS_PODFILE_DIR_PATH}/Podfile.lock",
				"${PODS_ROOT}/Manifest.lock",
			);
			name = "[CP] Check Pods Manifest.lock";
			outputFileListPaths = (
			);
			outputPaths = (
				"$(DERIVED_FILE_DIR)/Pods-DaliyTimeLine-checkManifestLockResult.txt",
			);
			runOnlyForDeploymentPostprocessing = 0;
			shellPath = /bin/sh;
			shellScript = "diff \"${PODS_PODFILE_DIR_PATH}/Podfile.lock\" \"${PODS_ROOT}/Manifest.lock\" > /dev/null\nif [ $? != 0 ] ; then\n    # print error to STDERR\n    echo \"error: The sandbox is not in sync with the Podfile.lock. Run 'pod install' or update your CocoaPods installation.\" >&2\n    exit 1\nfi\n# This output is used by Xcode 'outputs' to avoid re-running this script phase.\necho \"SUCCESS\" > \"${SCRIPT_OUTPUT_FILE_0}\"\n";
			showEnvVarsInLog = 0;
		};
		53305C7E531C26BE8C189D5A /* [CP] Embed Pods Frameworks */ = {
			isa = PBXShellScriptBuildPhase;
			buildActionMask = 2147483647;
			files = (
			);
			inputFileListPaths = (
				"${PODS_ROOT}/Target Support Files/Pods-DaliyTimeLine/Pods-DaliyTimeLine-frameworks-${CONFIGURATION}-input-files.xcfilelist",
			);
			name = "[CP] Embed Pods Frameworks";
			outputFileListPaths = (
				"${PODS_ROOT}/Target Support Files/Pods-DaliyTimeLine/Pods-DaliyTimeLine-frameworks-${CONFIGURATION}-output-files.xcfilelist",
			);
			runOnlyForDeploymentPostprocessing = 0;
			shellPath = /bin/sh;
			shellScript = "\"${PODS_ROOT}/Target Support Files/Pods-DaliyTimeLine/Pods-DaliyTimeLine-frameworks.sh\"\n";
			showEnvVarsInLog = 0;
		};
		94593B78B44A29A3DF81273B /* [CP] Check Pods Manifest.lock */ = {
			isa = PBXShellScriptBuildPhase;
			buildActionMask = 2147483647;
			files = (
			);
			inputFileListPaths = (
			);
			inputPaths = (
				"${PODS_PODFILE_DIR_PATH}/Podfile.lock",
				"${PODS_ROOT}/Manifest.lock",
			);
			name = "[CP] Check Pods Manifest.lock";
			outputFileListPaths = (
			);
			outputPaths = (
				"$(DERIVED_FILE_DIR)/Pods-DaliyTimeLineTests-checkManifestLockResult.txt",
			);
			runOnlyForDeploymentPostprocessing = 0;
			shellPath = /bin/sh;
			shellScript = "diff \"${PODS_PODFILE_DIR_PATH}/Podfile.lock\" \"${PODS_ROOT}/Manifest.lock\" > /dev/null\nif [ $? != 0 ] ; then\n    # print error to STDERR\n    echo \"error: The sandbox is not in sync with the Podfile.lock. Run 'pod install' or update your CocoaPods installation.\" >&2\n    exit 1\nfi\n# This output is used by Xcode 'outputs' to avoid re-running this script phase.\necho \"SUCCESS\" > \"${SCRIPT_OUTPUT_FILE_0}\"\n";
			showEnvVarsInLog = 0;
		};
		AD5369A5CD51EB6ADBEB9890 /* [CP] Check Pods Manifest.lock */ = {
			isa = PBXShellScriptBuildPhase;
			buildActionMask = 2147483647;
			files = (
			);
			inputFileListPaths = (
			);
			inputPaths = (
				"${PODS_PODFILE_DIR_PATH}/Podfile.lock",
				"${PODS_ROOT}/Manifest.lock",
			);
			name = "[CP] Check Pods Manifest.lock";
			outputFileListPaths = (
			);
			outputPaths = (
				"$(DERIVED_FILE_DIR)/Pods-DaliyTimeLine-DaliyTimeLineUITests-checkManifestLockResult.txt",
			);
			runOnlyForDeploymentPostprocessing = 0;
			shellPath = /bin/sh;
			shellScript = "diff \"${PODS_PODFILE_DIR_PATH}/Podfile.lock\" \"${PODS_ROOT}/Manifest.lock\" > /dev/null\nif [ $? != 0 ] ; then\n    # print error to STDERR\n    echo \"error: The sandbox is not in sync with the Podfile.lock. Run 'pod install' or update your CocoaPods installation.\" >&2\n    exit 1\nfi\n# This output is used by Xcode 'outputs' to avoid re-running this script phase.\necho \"SUCCESS\" > \"${SCRIPT_OUTPUT_FILE_0}\"\n";
			showEnvVarsInLog = 0;
		};
/* End PBXShellScriptBuildPhase section */

/* Begin PBXSourcesBuildPhase section */
		416F1DE92B5A6DF800F8C2C8 /* Sources */ = {
			isa = PBXSourcesBuildPhase;
			buildActionMask = 2147483647;
			files = (
				416F1E2C2B5A6F6100F8C2C8 /* SettingViewController.swift in Sources */,
				41F04A442BA4AD0700A034FA /* UploadViewModel.swift in Sources */,
				41C4B6CD2B94AEFE00CD8292 /* SettingTableViewCell.swift in Sources */,
				413D75C82B766EDA008A67B5 /* PostDetailViewController.swift in Sources */,
				413D75AE2B70BE85008A67B5 /* FeedCollectionViewCell.swift in Sources */,
				416F1DF52B5A6DF800F8C2C8 /* ViewController.swift in Sources */,
				416F1DF12B5A6DF800F8C2C8 /* AppDelegate.swift in Sources */,
				416F1E282B5A6EF600F8C2C8 /* MainTabbarController.swift in Sources */,
				41F04A402BA4ABB900A034FA /* String+Extension.swift in Sources */,
				41CDCEA12B5A78C60019C945 /* LoginViewController.swift in Sources */,
				41F04A3E2BA4A96200A034FA /* Date+Extension.swift in Sources */,
				4128D1EE2B5E755A00FA78B3 /* InputTextView.swift in Sources */,
				4128D1F32B5E94ED00FA78B3 /* UserService.swift in Sources */,
				4128D1EC2B5E711600FA78B3 /* UploadContentViewController.swift in Sources */,
				4128D1F72B5E953A00FA78B3 /* UploadService.swift in Sources */,
				41C4B6D12B94B10300CD8292 /* SettingAppInfoTableViewCell.swift in Sources */,
				41B538E32B962F2800160F66 /* SecretSettingViewController.swift in Sources */,
				416F1E2A2B5A6F5A00F8C2C8 /* MainListViewController.swift in Sources */,
				4128D1F02B5E940000FA78B3 /* User.swift in Sources */,
				416F1DF32B5A6DF800F8C2C8 /* SceneDelegate.swift in Sources */,
				413D75B02B710848008A67B5 /* CalendarCell.swift in Sources */,
				41C4B6CF2B94AF0900CD8292 /* SettingInfoTableViewCell.swift in Sources */,
				4128D1F52B5E94FE00FA78B3 /* Constants.swift in Sources */,
				41CDCEA62B5AB5070019C945 /* LoginViewModel.swift in Sources */,
				41B538E52B96CC5100160F66 /* LoadingIndicator.swift in Sources */,
				413D75B72B710BC5008A67B5 /* PostService.swift in Sources */,
				413D75C62B766EB3008A67B5 /* PostDetailViewModel.swift in Sources */,
				413D75B22B7108E3008A67B5 /* Post.swift in Sources */,
				41CDCE9C2B5A72EF0019C945 /* SplashViewController.swift in Sources */,
				413D75C32B763A58008A67B5 /* SettingViewModel.swift in Sources */,
				4128D1F92B5E978A00FA78B3 /* AuthService.swift in Sources */,
				413D75B42B7109A6008A67B5 /* MainListViewModel.swift in Sources */,
			);
			runOnlyForDeploymentPostprocessing = 0;
		};
		416F1DFF2B5A6DF900F8C2C8 /* Sources */ = {
			isa = PBXSourcesBuildPhase;
			buildActionMask = 2147483647;
			files = (
				416F1E082B5A6DF900F8C2C8 /* DaliyTimeLineTests.swift in Sources */,
			);
			runOnlyForDeploymentPostprocessing = 0;
		};
		416F1E092B5A6DF900F8C2C8 /* Sources */ = {
			isa = PBXSourcesBuildPhase;
			buildActionMask = 2147483647;
			files = (
				416F1E122B5A6DF900F8C2C8 /* DaliyTimeLineUITests.swift in Sources */,
				416F1E142B5A6DF900F8C2C8 /* DaliyTimeLineUITestsLaunchTests.swift in Sources */,
			);
			runOnlyForDeploymentPostprocessing = 0;
		};
/* End PBXSourcesBuildPhase section */

/* Begin PBXTargetDependency section */
		416F1E052B5A6DF900F8C2C8 /* PBXTargetDependency */ = {
			isa = PBXTargetDependency;
			target = 416F1DEC2B5A6DF800F8C2C8 /* DaliyTimeLine */;
			targetProxy = 416F1E042B5A6DF900F8C2C8 /* PBXContainerItemProxy */;
		};
		416F1E0F2B5A6DF900F8C2C8 /* PBXTargetDependency */ = {
			isa = PBXTargetDependency;
			target = 416F1DEC2B5A6DF800F8C2C8 /* DaliyTimeLine */;
			targetProxy = 416F1E0E2B5A6DF900F8C2C8 /* PBXContainerItemProxy */;
		};
/* End PBXTargetDependency section */

/* Begin PBXVariantGroup section */
		416F1DFB2B5A6DF900F8C2C8 /* LaunchScreen.storyboard */ = {
			isa = PBXVariantGroup;
			children = (
				416F1DFC2B5A6DF900F8C2C8 /* Base */,
				41CDCEA82B5ABDF40019C945 /* ko */,
			);
			name = LaunchScreen.storyboard;
			sourceTree = "<group>";
		};
/* End PBXVariantGroup section */

/* Begin XCBuildConfiguration section */
		416F1E152B5A6DF900F8C2C8 /* Debug */ = {
			isa = XCBuildConfiguration;
			buildSettings = {
				ALWAYS_SEARCH_USER_PATHS = NO;
				ASSETCATALOG_COMPILER_GENERATE_SWIFT_ASSET_SYMBOL_EXTENSIONS = YES;
				CLANG_ANALYZER_LOCALIZABILITY_NONLOCALIZED = YES;
				CLANG_ANALYZER_NONNULL = YES;
				CLANG_ANALYZER_NUMBER_OBJECT_CONVERSION = YES_AGGRESSIVE;
				CLANG_CXX_LANGUAGE_STANDARD = "gnu++20";
				CLANG_ENABLE_MODULES = YES;
				CLANG_ENABLE_OBJC_ARC = YES;
				CLANG_ENABLE_OBJC_WEAK = YES;
				CLANG_WARN_BLOCK_CAPTURE_AUTORELEASING = YES;
				CLANG_WARN_BOOL_CONVERSION = YES;
				CLANG_WARN_COMMA = YES;
				CLANG_WARN_CONSTANT_CONVERSION = YES;
				CLANG_WARN_DEPRECATED_OBJC_IMPLEMENTATIONS = YES;
				CLANG_WARN_DIRECT_OBJC_ISA_USAGE = YES_ERROR;
				CLANG_WARN_DOCUMENTATION_COMMENTS = YES;
				CLANG_WARN_EMPTY_BODY = YES;
				CLANG_WARN_ENUM_CONVERSION = YES;
				CLANG_WARN_INFINITE_RECURSION = YES;
				CLANG_WARN_INT_CONVERSION = YES;
				CLANG_WARN_NON_LITERAL_NULL_CONVERSION = YES;
				CLANG_WARN_OBJC_IMPLICIT_RETAIN_SELF = YES;
				CLANG_WARN_OBJC_LITERAL_CONVERSION = YES;
				CLANG_WARN_OBJC_ROOT_CLASS = YES_ERROR;
				CLANG_WARN_QUOTED_INCLUDE_IN_FRAMEWORK_HEADER = YES;
				CLANG_WARN_RANGE_LOOP_ANALYSIS = YES;
				CLANG_WARN_STRICT_PROTOTYPES = YES;
				CLANG_WARN_SUSPICIOUS_MOVE = YES;
				CLANG_WARN_UNGUARDED_AVAILABILITY = YES_AGGRESSIVE;
				CLANG_WARN_UNREACHABLE_CODE = YES;
				CLANG_WARN__DUPLICATE_METHOD_MATCH = YES;
				COPY_PHASE_STRIP = NO;
				DEBUG_INFORMATION_FORMAT = dwarf;
				ENABLE_STRICT_OBJC_MSGSEND = YES;
				ENABLE_TESTABILITY = YES;
				ENABLE_USER_SCRIPT_SANDBOXING = NO;
				GCC_C_LANGUAGE_STANDARD = gnu17;
				GCC_DYNAMIC_NO_PIC = NO;
				GCC_NO_COMMON_BLOCKS = YES;
				GCC_OPTIMIZATION_LEVEL = 0;
				GCC_PREPROCESSOR_DEFINITIONS = (
					"DEBUG=1",
					"$(inherited)",
				);
				GCC_WARN_64_TO_32_BIT_CONVERSION = YES;
				GCC_WARN_ABOUT_RETURN_TYPE = YES_ERROR;
				GCC_WARN_UNDECLARED_SELECTOR = YES;
				GCC_WARN_UNINITIALIZED_AUTOS = YES_AGGRESSIVE;
				GCC_WARN_UNUSED_FUNCTION = YES;
				GCC_WARN_UNUSED_VARIABLE = YES;
				IPHONEOS_DEPLOYMENT_TARGET = 14.0;
				LOCALIZATION_PREFERS_STRING_CATALOGS = YES;
				MTL_ENABLE_DEBUG_INFO = INCLUDE_SOURCE;
				MTL_FAST_MATH = YES;
				ONLY_ACTIVE_ARCH = YES;
				SDKROOT = iphoneos;
				SWIFT_ACTIVE_COMPILATION_CONDITIONS = "DEBUG $(inherited)";
				SWIFT_OPTIMIZATION_LEVEL = "-Onone";
			};
			name = Debug;
		};
		416F1E162B5A6DF900F8C2C8 /* Release */ = {
			isa = XCBuildConfiguration;
			buildSettings = {
				ALWAYS_SEARCH_USER_PATHS = NO;
				ASSETCATALOG_COMPILER_GENERATE_SWIFT_ASSET_SYMBOL_EXTENSIONS = YES;
				CLANG_ANALYZER_LOCALIZABILITY_NONLOCALIZED = YES;
				CLANG_ANALYZER_NONNULL = YES;
				CLANG_ANALYZER_NUMBER_OBJECT_CONVERSION = YES_AGGRESSIVE;
				CLANG_CXX_LANGUAGE_STANDARD = "gnu++20";
				CLANG_ENABLE_MODULES = YES;
				CLANG_ENABLE_OBJC_ARC = YES;
				CLANG_ENABLE_OBJC_WEAK = YES;
				CLANG_WARN_BLOCK_CAPTURE_AUTORELEASING = YES;
				CLANG_WARN_BOOL_CONVERSION = YES;
				CLANG_WARN_COMMA = YES;
				CLANG_WARN_CONSTANT_CONVERSION = YES;
				CLANG_WARN_DEPRECATED_OBJC_IMPLEMENTATIONS = YES;
				CLANG_WARN_DIRECT_OBJC_ISA_USAGE = YES_ERROR;
				CLANG_WARN_DOCUMENTATION_COMMENTS = YES;
				CLANG_WARN_EMPTY_BODY = YES;
				CLANG_WARN_ENUM_CONVERSION = YES;
				CLANG_WARN_INFINITE_RECURSION = YES;
				CLANG_WARN_INT_CONVERSION = YES;
				CLANG_WARN_NON_LITERAL_NULL_CONVERSION = YES;
				CLANG_WARN_OBJC_IMPLICIT_RETAIN_SELF = YES;
				CLANG_WARN_OBJC_LITERAL_CONVERSION = YES;
				CLANG_WARN_OBJC_ROOT_CLASS = YES_ERROR;
				CLANG_WARN_QUOTED_INCLUDE_IN_FRAMEWORK_HEADER = YES;
				CLANG_WARN_RANGE_LOOP_ANALYSIS = YES;
				CLANG_WARN_STRICT_PROTOTYPES = YES;
				CLANG_WARN_SUSPICIOUS_MOVE = YES;
				CLANG_WARN_UNGUARDED_AVAILABILITY = YES_AGGRESSIVE;
				CLANG_WARN_UNREACHABLE_CODE = YES;
				CLANG_WARN__DUPLICATE_METHOD_MATCH = YES;
				COPY_PHASE_STRIP = NO;
				DEBUG_INFORMATION_FORMAT = "dwarf-with-dsym";
				ENABLE_NS_ASSERTIONS = NO;
				ENABLE_STRICT_OBJC_MSGSEND = YES;
				ENABLE_USER_SCRIPT_SANDBOXING = NO;
				GCC_C_LANGUAGE_STANDARD = gnu17;
				GCC_NO_COMMON_BLOCKS = YES;
				GCC_WARN_64_TO_32_BIT_CONVERSION = YES;
				GCC_WARN_ABOUT_RETURN_TYPE = YES_ERROR;
				GCC_WARN_UNDECLARED_SELECTOR = YES;
				GCC_WARN_UNINITIALIZED_AUTOS = YES_AGGRESSIVE;
				GCC_WARN_UNUSED_FUNCTION = YES;
				GCC_WARN_UNUSED_VARIABLE = YES;
				IPHONEOS_DEPLOYMENT_TARGET = 14.0;
				LOCALIZATION_PREFERS_STRING_CATALOGS = YES;
				MTL_ENABLE_DEBUG_INFO = NO;
				MTL_FAST_MATH = YES;
				SDKROOT = iphoneos;
				SWIFT_COMPILATION_MODE = wholemodule;
				VALIDATE_PRODUCT = YES;
			};
			name = Release;
		};
		416F1E182B5A6DF900F8C2C8 /* Debug */ = {
			isa = XCBuildConfiguration;
			baseConfigurationReference = 458A8EC6D350A17E170B0247 /* Pods-DaliyTimeLine.debug.xcconfig */;
			buildSettings = {
				ASSETCATALOG_COMPILER_APPICON_NAME = AppIcon;
				ASSETCATALOG_COMPILER_GLOBAL_ACCENT_COLOR_NAME = AccentColor;
				ASSETCATALOG_COMPILER_INCLUDE_ALL_APPICON_ASSETS = YES;
				CODE_SIGN_ENTITLEMENTS = DaliyTimeLine/DaliyTimeLine.entitlements;
				CODE_SIGN_STYLE = Automatic;
				CURRENT_PROJECT_VERSION = 1.00.20;
				DEVELOPMENT_TEAM = 9UU59NTC96;
				GENERATE_INFOPLIST_FILE = YES;
				INFOPLIST_FILE = DaliyTimeLine/Info.plist;
				INFOPLIST_KEY_CFBundleDisplayName = "";
				INFOPLIST_KEY_LSApplicationCategoryType = "public.app-category.lifestyle";
				INFOPLIST_KEY_NSCameraUsageDescription = "게시물을 업로드 하기 위해 사진 촬영의 권한을 수락해주세요.";
				INFOPLIST_KEY_NSFaceIDUsageDescription = "잠금 해제를 위해 FaceID를 사용합니다.";
				INFOPLIST_KEY_NSPhotoLibraryUsageDescription = "게시물 업로드를 위한 사진첩 사용 권한을 허락해주세요.";
				INFOPLIST_KEY_UIApplicationSupportsIndirectInputEvents = YES;
				INFOPLIST_KEY_UILaunchStoryboardName = LaunchScreen.storyboard;
				INFOPLIST_KEY_UIMainStoryboardFile = Main;
				INFOPLIST_KEY_UIStatusBarStyle = "";
				INFOPLIST_KEY_UISupportedInterfaceOrientations = UIInterfaceOrientationPortrait;
				INFOPLIST_KEY_UISupportedInterfaceOrientations_iPad = "UIInterfaceOrientationPortrait UIInterfaceOrientationPortraitUpsideDown";
				INFOPLIST_KEY_UIUserInterfaceStyle = Light;
				IPHONEOS_DEPLOYMENT_TARGET = 14.0;
				LD_RUNPATH_SEARCH_PATHS = (
					"$(inherited)",
					"@executable_path/Frameworks",
				);
				MARKETING_VERSION = 1.00.20;
				PRODUCT_BUNDLE_IDENTIFIER = com.chung.DaliyTimeLine;
				PRODUCT_NAME = "$(TARGET_NAME)";
				SUPPORTED_PLATFORMS = "iphoneos iphonesimulator";
				SUPPORTS_MACCATALYST = NO;
				SUPPORTS_MAC_DESIGNED_FOR_IPHONE_IPAD = NO;
				SUPPORTS_XR_DESIGNED_FOR_IPHONE_IPAD = NO;
				SWIFT_EMIT_LOC_STRINGS = YES;
				SWIFT_VERSION = 5.0;
				TARGETED_DEVICE_FAMILY = 1;
			};
			name = Debug;
		};
		416F1E192B5A6DF900F8C2C8 /* Release */ = {
			isa = XCBuildConfiguration;
			baseConfigurationReference = 0458FB11E9FB0B2E59F26381 /* Pods-DaliyTimeLine.release.xcconfig */;
			buildSettings = {
				ASSETCATALOG_COMPILER_APPICON_NAME = AppIcon;
				ASSETCATALOG_COMPILER_GLOBAL_ACCENT_COLOR_NAME = AccentColor;
				ASSETCATALOG_COMPILER_INCLUDE_ALL_APPICON_ASSETS = YES;
				CODE_SIGN_ENTITLEMENTS = DaliyTimeLine/DaliyTimeLine.entitlements;
				CODE_SIGN_STYLE = Automatic;
				CURRENT_PROJECT_VERSION = 1.00.20;
				DEVELOPMENT_TEAM = 9UU59NTC96;
				GENERATE_INFOPLIST_FILE = YES;
				INFOPLIST_FILE = DaliyTimeLine/Info.plist;
				INFOPLIST_KEY_CFBundleDisplayName = "";
				INFOPLIST_KEY_LSApplicationCategoryType = "public.app-category.lifestyle";
				INFOPLIST_KEY_NSCameraUsageDescription = "게시물을 업로드 하기 위해 사진 촬영의 권한을 수락해주세요.";
				INFOPLIST_KEY_NSFaceIDUsageDescription = "잠금 해제를 위해 FaceID를 사용합니다.";
				INFOPLIST_KEY_NSPhotoLibraryUsageDescription = "게시물 업로드를 위한 사진첩 사용 권한을 허락해주세요.";
				INFOPLIST_KEY_UIApplicationSupportsIndirectInputEvents = YES;
				INFOPLIST_KEY_UILaunchStoryboardName = LaunchScreen.storyboard;
				INFOPLIST_KEY_UIMainStoryboardFile = Main;
				INFOPLIST_KEY_UIStatusBarStyle = "";
				INFOPLIST_KEY_UISupportedInterfaceOrientations = UIInterfaceOrientationPortrait;
				INFOPLIST_KEY_UISupportedInterfaceOrientations_iPad = "UIInterfaceOrientationPortrait UIInterfaceOrientationPortraitUpsideDown";
				INFOPLIST_KEY_UIUserInterfaceStyle = Light;
				IPHONEOS_DEPLOYMENT_TARGET = 14.0;
				LD_RUNPATH_SEARCH_PATHS = (
					"$(inherited)",
					"@executable_path/Frameworks",
				);
				MARKETING_VERSION = 1.00.20;
				PRODUCT_BUNDLE_IDENTIFIER = com.chung.DaliyTimeLine;
				PRODUCT_NAME = "$(TARGET_NAME)";
				SUPPORTED_PLATFORMS = "iphoneos iphonesimulator";
				SUPPORTS_MACCATALYST = NO;
				SUPPORTS_MAC_DESIGNED_FOR_IPHONE_IPAD = NO;
				SUPPORTS_XR_DESIGNED_FOR_IPHONE_IPAD = NO;
				SWIFT_EMIT_LOC_STRINGS = YES;
				SWIFT_VERSION = 5.0;
				TARGETED_DEVICE_FAMILY = 1;
			};
			name = Release;
		};
		416F1E1B2B5A6DF900F8C2C8 /* Debug */ = {
			isa = XCBuildConfiguration;
			baseConfigurationReference = 1167119E602F2A703E32AD28 /* Pods-DaliyTimeLineTests.debug.xcconfig */;
			buildSettings = {
				ALWAYS_EMBED_SWIFT_STANDARD_LIBRARIES = YES;
				BUNDLE_LOADER = "$(TEST_HOST)";
				CODE_SIGN_STYLE = Automatic;
				CURRENT_PROJECT_VERSION = 1;
				DEVELOPMENT_TEAM = 9UU59NTC96;
				GENERATE_INFOPLIST_FILE = YES;
				IPHONEOS_DEPLOYMENT_TARGET = 17.2;
				MARKETING_VERSION = 1.0;
				PRODUCT_BUNDLE_IDENTIFIER = com.chung.DaliyTimeLineTests;
				PRODUCT_NAME = "$(TARGET_NAME)";
				SWIFT_EMIT_LOC_STRINGS = NO;
				SWIFT_VERSION = 5.0;
				TARGETED_DEVICE_FAMILY = "1,2";
				TEST_HOST = "$(BUILT_PRODUCTS_DIR)/DaliyTimeLine.app/$(BUNDLE_EXECUTABLE_FOLDER_PATH)/DaliyTimeLine";
			};
			name = Debug;
		};
		416F1E1C2B5A6DF900F8C2C8 /* Release */ = {
			isa = XCBuildConfiguration;
			baseConfigurationReference = A80FC5DBA4111D73A5541337 /* Pods-DaliyTimeLineTests.release.xcconfig */;
			buildSettings = {
				ALWAYS_EMBED_SWIFT_STANDARD_LIBRARIES = YES;
				BUNDLE_LOADER = "$(TEST_HOST)";
				CODE_SIGN_STYLE = Automatic;
				CURRENT_PROJECT_VERSION = 1;
				DEVELOPMENT_TEAM = 9UU59NTC96;
				GENERATE_INFOPLIST_FILE = YES;
				IPHONEOS_DEPLOYMENT_TARGET = 17.2;
				MARKETING_VERSION = 1.0;
				PRODUCT_BUNDLE_IDENTIFIER = com.chung.DaliyTimeLineTests;
				PRODUCT_NAME = "$(TARGET_NAME)";
				SWIFT_EMIT_LOC_STRINGS = NO;
				SWIFT_VERSION = 5.0;
				TARGETED_DEVICE_FAMILY = "1,2";
				TEST_HOST = "$(BUILT_PRODUCTS_DIR)/DaliyTimeLine.app/$(BUNDLE_EXECUTABLE_FOLDER_PATH)/DaliyTimeLine";
			};
			name = Release;
		};
		416F1E1E2B5A6DF900F8C2C8 /* Debug */ = {
			isa = XCBuildConfiguration;
			baseConfigurationReference = BBA66C544E29A5A4F032D339 /* Pods-DaliyTimeLine-DaliyTimeLineUITests.debug.xcconfig */;
			buildSettings = {
				ALWAYS_EMBED_SWIFT_STANDARD_LIBRARIES = YES;
				CODE_SIGN_STYLE = Automatic;
				CURRENT_PROJECT_VERSION = 1;
				DEVELOPMENT_TEAM = 9UU59NTC96;
				GENERATE_INFOPLIST_FILE = YES;
				MARKETING_VERSION = 1.0;
				PRODUCT_BUNDLE_IDENTIFIER = com.chung.DaliyTimeLineUITests;
				PRODUCT_NAME = "$(TARGET_NAME)";
				SWIFT_EMIT_LOC_STRINGS = NO;
				SWIFT_VERSION = 5.0;
				TARGETED_DEVICE_FAMILY = "1,2";
				TEST_TARGET_NAME = DaliyTimeLine;
			};
			name = Debug;
		};
		416F1E1F2B5A6DF900F8C2C8 /* Release */ = {
			isa = XCBuildConfiguration;
			baseConfigurationReference = E850B866D0CA48F705E34CD1 /* Pods-DaliyTimeLine-DaliyTimeLineUITests.release.xcconfig */;
			buildSettings = {
				ALWAYS_EMBED_SWIFT_STANDARD_LIBRARIES = YES;
				CODE_SIGN_STYLE = Automatic;
				CURRENT_PROJECT_VERSION = 1;
				DEVELOPMENT_TEAM = 9UU59NTC96;
				GENERATE_INFOPLIST_FILE = YES;
				MARKETING_VERSION = 1.0;
				PRODUCT_BUNDLE_IDENTIFIER = com.chung.DaliyTimeLineUITests;
				PRODUCT_NAME = "$(TARGET_NAME)";
				SWIFT_EMIT_LOC_STRINGS = NO;
				SWIFT_VERSION = 5.0;
				TARGETED_DEVICE_FAMILY = "1,2";
				TEST_TARGET_NAME = DaliyTimeLine;
			};
			name = Release;
		};
/* End XCBuildConfiguration section */

/* Begin XCConfigurationList section */
		416F1DE82B5A6DF800F8C2C8 /* Build configuration list for PBXProject "DaliyTimeLine" */ = {
			isa = XCConfigurationList;
			buildConfigurations = (
				416F1E152B5A6DF900F8C2C8 /* Debug */,
				416F1E162B5A6DF900F8C2C8 /* Release */,
			);
			defaultConfigurationIsVisible = 0;
			defaultConfigurationName = Release;
		};
		416F1E172B5A6DF900F8C2C8 /* Build configuration list for PBXNativeTarget "DaliyTimeLine" */ = {
			isa = XCConfigurationList;
			buildConfigurations = (
				416F1E182B5A6DF900F8C2C8 /* Debug */,
				416F1E192B5A6DF900F8C2C8 /* Release */,
			);
			defaultConfigurationIsVisible = 0;
			defaultConfigurationName = Release;
		};
		416F1E1A2B5A6DF900F8C2C8 /* Build configuration list for PBXNativeTarget "DaliyTimeLineTests" */ = {
			isa = XCConfigurationList;
			buildConfigurations = (
				416F1E1B2B5A6DF900F8C2C8 /* Debug */,
				416F1E1C2B5A6DF900F8C2C8 /* Release */,
			);
			defaultConfigurationIsVisible = 0;
			defaultConfigurationName = Release;
		};
		416F1E1D2B5A6DF900F8C2C8 /* Build configuration list for PBXNativeTarget "DaliyTimeLineUITests" */ = {
			isa = XCConfigurationList;
			buildConfigurations = (
				416F1E1E2B5A6DF900F8C2C8 /* Debug */,
				416F1E1F2B5A6DF900F8C2C8 /* Release */,
			);
			defaultConfigurationIsVisible = 0;
			defaultConfigurationName = Release;
		};
/* End XCConfigurationList section */
	};
	rootObject = 416F1DE52B5A6DF800F8C2C8 /* Project object */;
}
